
Microsoft Visual Studio Solution File, Format Version 12.00
# Visual Studio Version 17
VisualStudioVersion = 17.3.32922.545
MinimumVisualStudioVersion = 10.0.40219.1
Project("{9A19103F-16F7-4668-BE54-9A1E7A4F7556}") = "Hen.Api", "Hen.Api\Hen.Api.csproj", "{598A91CA-2189-44B8-8C6F-62384F89498E}"
EndProject
Project("{9A19103F-16F7-4668-BE54-9A1E7A4F7556}") = "Hen.BLL", "Hen.BLL\Hen.BLL.csproj", "{D21C8FE7-4DA9-4B7B-A805-C400555DE63C}"
EndProject
Project("{9A19103F-16F7-4668-BE54-9A1E7A4F7556}") = "Hen.DAL", "Hen.DAL\Hen.DAL.csproj", "{B21B9C1A-6A13-4136-B58B-E3964ECAD898}"
EndProject
Global
	GlobalSection(SolutionConfigurationPlatforms) = preSolution
		Debug|Any CPU = Debug|Any CPU
		Release|Any CPU = Release|Any CPU
	EndGlobalSection
	GlobalSection(ProjectConfigurationPlatforms) = postSolution
		{598A91CA-2189-44B8-8C6F-62384F89498E}.Debug|Any CPU.ActiveCfg = Debug|Any CPU
		{598A91CA-2189-44B8-8C6F-62384F89498E}.Debug|Any CPU.Build.0 = Debug|Any CPU
		{598A91CA-2189-44B8-8C6F-62384F89498E}.Release|Any CPU.ActiveCfg = Release|Any CPU
		{598A91CA-2189-44B8-8C6F-62384F89498E}.Release|Any CPU.Build.0 = Release|Any CPU
		{D21C8FE7-4DA9-4B7B-A805-C400555DE63C}.Debug|Any CPU.ActiveCfg = Debug|Any CPU
		{D21C8FE7-4DA9-4B7B-A805-C400555DE63C}.Debug|Any CPU.Build.0 = Debug|Any CPU
		{D21C8FE7-4DA9-4B7B-A805-C400555DE63C}.Release|Any CPU.ActiveCfg = Release|Any CPU
		{D21C8FE7-4DA9-4B7B-A805-C400555DE63C}.Release|Any CPU.Build.0 = Release|Any CPU
		{B21B9C1A-6A13-4136-B58B-E3964ECAD898}.Debug|Any CPU.ActiveCfg = Debug|Any CPU
		{B21B9C1A-6A13-4136-B58B-E3964ECAD898}.Debug|Any CPU.Build.0 = Debug|Any CPU
		{B21B9C1A-6A13-4136-B58B-E3964ECAD898}.Release|Any CPU.ActiveCfg = Release|Any CPU
		{B21B9C1A-6A13-4136-B58B-E3964ECAD898}.Release|Any CPU.Build.0 = Release|Any CPU
	EndGlobalSection
	GlobalSection(SolutionProperties) = preSolution
		HideSolutionNode = FALSE
	EndGlobalSection
	GlobalSection(ExtensibilityGlobals) = postSolution
		SolutionGuid = {FF5BBFFD-5E8A-4E6C-A210-EB3684E43C84}
	EndGlobalSection
EndGlobal
